
Microsoft Visual Studio Solution File, Format Version 12.00
# Visual Studio Version 17
VisualStudioVersion = 17.0.31903.59
MinimumVisualStudioVersion = 10.0.40219.1
Project("{9A19103F-16F7-4668-BE54-9A1E7A4F7556}") = "OData.Lite", "OData.Lite\OData.Lite.csproj", "{AA16DB89-1278-4AEC-A33D-691284B785D5}"
EndProject
Project("{9A19103F-16F7-4668-BE54-9A1E7A4F7556}") = "OData.Lite.Web", "OData.Lite.Web\OData.Lite.Web.csproj", "{DD01F82B-EEA0-4514-88D2-90FC5B94A808}"
EndProject
Project("{9A19103F-16F7-4668-BE54-9A1E7A4F7556}") = "Demo.Console", "Demo.Console\Demo.Console.csproj", "{3E3A2E0B-04F1-40EB-BA33-E98D0D8DE63C}"
EndProject
Project("{9A19103F-16F7-4668-BE54-9A1E7A4F7556}") = "Demo.Web", "Demo.Web\Demo.Web.csproj", "{580C10EF-7822-4405-A0C6-EB3C098CEBBB}"
EndProject
Project("{9A19103F-16F7-4668-BE54-9A1E7A4F7556}") = "OData.Lite.Tests", "OData.Lite.Tests\OData.Lite.Tests.csproj", "{DFE82295-831C-4F8D-B07E-1CEA34528351}"
EndProject
Global
	GlobalSection(SolutionConfigurationPlatforms) = preSolution
		Debug|Any CPU = Debug|Any CPU
		Release|Any CPU = Release|Any CPU
	EndGlobalSection
	GlobalSection(ProjectConfigurationPlatforms) = postSolution
		{AA16DB89-1278-4AEC-A33D-691284B785D5}.Debug|Any CPU.ActiveCfg = Debug|Any CPU
		{AA16DB89-1278-4AEC-A33D-691284B785D5}.Debug|Any CPU.Build.0 = Debug|Any CPU
		{AA16DB89-1278-4AEC-A33D-691284B785D5}.Release|Any CPU.ActiveCfg = Release|Any CPU
		{AA16DB89-1278-4AEC-A33D-691284B785D5}.Release|Any CPU.Build.0 = Release|Any CPU
		{DD01F82B-EEA0-4514-88D2-90FC5B94A808}.Debug|Any CPU.ActiveCfg = Debug|Any CPU
		{DD01F82B-EEA0-4514-88D2-90FC5B94A808}.Debug|Any CPU.Build.0 = Debug|Any CPU
		{DD01F82B-EEA0-4514-88D2-90FC5B94A808}.Release|Any CPU.ActiveCfg = Release|Any CPU
		{DD01F82B-EEA0-4514-88D2-90FC5B94A808}.Release|Any CPU.Build.0 = Release|Any CPU
		{3E3A2E0B-04F1-40EB-BA33-E98D0D8DE63C}.Debug|Any CPU.ActiveCfg = Debug|Any CPU
		{3E3A2E0B-04F1-40EB-BA33-E98D0D8DE63C}.Debug|Any CPU.Build.0 = Debug|Any CPU
		{3E3A2E0B-04F1-40EB-BA33-E98D0D8DE63C}.Release|Any CPU.ActiveCfg = Release|Any CPU
		{3E3A2E0B-04F1-40EB-BA33-E98D0D8DE63C}.Release|Any CPU.Build.0 = Release|Any CPU
		{580C10EF-7822-4405-A0C6-EB3C098CEBBB}.Debug|Any CPU.ActiveCfg = Debug|Any CPU
		{580C10EF-7822-4405-A0C6-EB3C098CEBBB}.Debug|Any CPU.Build.0 = Debug|Any CPU
		{580C10EF-7822-4405-A0C6-EB3C098CEBBB}.Release|Any CPU.ActiveCfg = Release|Any CPU
		{580C10EF-7822-4405-A0C6-EB3C098CEBBB}.Release|Any CPU.Build.0 = Release|Any CPU
		{DFE82295-831C-4F8D-B07E-1CEA34528351}.Debug|Any CPU.ActiveCfg = Debug|Any CPU
		{DFE82295-831C-4F8D-B07E-1CEA34528351}.Debug|Any CPU.Build.0 = Debug|Any CPU
		{DFE82295-831C-4F8D-B07E-1CEA34528351}.Release|Any CPU.ActiveCfg = Release|Any CPU
		{DFE82295-831C-4F8D-B07E-1CEA34528351}.Release|Any CPU.Build.0 = Release|Any CPU
	EndGlobalSection
	GlobalSection(SolutionProperties) = preSolution
		HideSolutionNode = FALSE
	EndGlobalSection
EndGlobal
